PODS:
  - ARCore (1.2.0):
    - GoogleToolboxForMac/Logger (~> 2.1)
    - GoogleToolboxForMac/NSData+zlib (~> 2.1)
    - GTMSessionFetcher/Core (~> 1.1)
  - BoringSSL (10.0.2):
    - BoringSSL/Implementation (= 10.0.2)
    - BoringSSL/Interface (= 10.0.2)
  - BoringSSL/Implementation (10.0.2):
    - BoringSSL/Interface (= 10.0.2)
  - BoringSSL/Interface (10.0.2)
  - Firebase (4.13.0):
    - Firebase/Core (= 4.13.0)
  - Firebase/Core (4.13.0):
    - FirebaseAnalytics (= 4.2.0)
    - FirebaseCore (= 4.0.20)
  - FirebaseAnalytics (4.2.0):
    - FirebaseCore (~> 4.0)
    - FirebaseInstanceID (~> 2.0)
    - GoogleToolboxForMac/NSData+zlib (~> 2.1)
    - nanopb (~> 0.3)
  - FirebaseAuth (4.6.1):
    - FirebaseAnalytics (~> 4.2)
    - GoogleToolboxForMac/NSDictionary+URLArguments (~> 2.1)
    - GTMSessionFetcher/Core (~> 1.1)
  - FirebaseCore (4.0.20):
    - GoogleToolboxForMac/NSData+zlib (~> 2.1)
  - FirebaseCrash (2.0.2):
    - FirebaseAnalytics (~> 4.0)
    - FirebaseInstanceID (~> 2.0)
    - GoogleToolboxForMac/Logger (~> 2.1)
    - GoogleToolboxForMac/NSData+zlib (~> 2.1)
    - Protobuf (~> 3.1)
  - FirebaseDatabase (4.1.5):
    - FirebaseAnalytics (~> 4.1)
    - FirebaseCore (~> 4.0)
    - leveldb-library (~> 1.18)
  - FirebaseInstanceID (2.0.10):
    - FirebaseCore (~> 4.0)
  - GoogleInterchangeUtilities (1.2.2):
    - GoogleSymbolUtilities (~> 1.1)
  - GoogleNetworkingUtilities (1.2.2):
    - GoogleSymbolUtilities (~> 1.1)
  - GoogleSymbolUtilities (1.1.2)
  - GoogleToolboxForMac/DebugUtils (2.1.4):
    - GoogleToolboxForMac/Defines (= 2.1.4)
  - GoogleToolboxForMac/Defines (2.1.4)
  - GoogleToolboxForMac/Logger (2.1.4):
    - GoogleToolboxForMac/Defines (= 2.1.4)
  - GoogleToolboxForMac/NSData+zlib (2.1.4):
    - GoogleToolboxForMac/Defines (= 2.1.4)
  - GoogleToolboxForMac/NSDictionary+URLArguments (2.1.4):
    - GoogleToolboxForMac/DebugUtils (= 2.1.4)
    - GoogleToolboxForMac/Defines (= 2.1.4)
    - GoogleToolboxForMac/NSString+URLArguments (= 2.1.4)
  - GoogleToolboxForMac/NSString+URLArguments (2.1.4)
  - GoogleUtilities (1.3.2):
    - GoogleSymbolUtilities (~> 1.1)
  - gRPC (1.12.0):
    - gRPC-RxLibrary (= 1.12.0)
    - gRPC/Main (= 1.12.0)
  - gRPC-Core (1.12.0):
    - gRPC-Core/Implementation (= 1.12.0)
    - gRPC-Core/Interface (= 1.12.0)
  - gRPC-Core/Implementation (1.12.0):
    - BoringSSL (~> 10.0)
    - gRPC-Core/Interface (= 1.12.0)
    - nanopb (~> 0.3)
  - gRPC-Core/Interface (1.12.0)
  - gRPC-ProtoRPC (1.12.0):
    - gRPC (= 1.12.0)
    - gRPC-RxLibrary (= 1.12.0)
    - Protobuf (~> 3.0)
  - gRPC-RxLibrary (1.12.0)
  - gRPC/Main (1.12.0):
    - gRPC-Core (= 1.12.0)
    - gRPC-RxLibrary (= 1.12.0)
  - GTMSessionFetcher/Core (1.1.15)
  - leveldb-library (1.20)
  - lottie-ios (2.5.0)
  - nanopb (0.3.8):
    - nanopb/decode (= 0.3.8)
    - nanopb/encode (= 0.3.8)
  - nanopb/decode (0.3.8)
  - nanopb/encode (0.3.8)
  - NearbyMessages (1.1.0):
    - GoogleInterchangeUtilities (~> 1.2)
    - GoogleNetworkingUtilities (~> 1.2)
    - GoogleSymbolUtilities (~> 1.1)
    - GoogleUtilities (~> 1.3)
  - Protobuf (3.5.0)
  - Reachability (3.2)

DEPENDENCIES:
  - ARCore (~> 1.2.0)
  - Firebase (~> 4.10)
  - FirebaseAnalytics (~> 4.1)
  - FirebaseAuth
  - FirebaseCrash (~> 2.0)
  - FirebaseDatabase (~> 4.1)
  - GoogleToolboxForMac/Logger (~> 2.1)
  - GoogleToolboxForMac/NSData+zlib (~> 2.1)
  - gRPC-ProtoRPC (~> 1.0)
  - GTMSessionFetcher/Core (~> 1.1)
  - lottie-ios
  - NearbyMessages
  - Protobuf (~> 3.5)
  - Reachability (~> 3.2)

SPEC CHECKSUMS:
  ARCore: a7a67b9badd827bc5d542aa6c690cb8a34d6ead9
  BoringSSL: 60dd24df4af296bf41d78e5841dbb95d75f88c0d
  Firebase: 5ec5e863d269d82d66b4bf56856726f8fb8f0fb3
  FirebaseAnalytics: 7ef69e76a5142f643aeb47c780e1cdce4e23632e
  FirebaseAuth: bf22cacf22c60ab454bf2636f556d8892b10b53f
  FirebaseCore: 90cb1c53d69b556f112a1bf72b5fcfaad7650790
  FirebaseCrash: a7d980468dc8aa2db9792493c3e02722d601f6ab
  FirebaseDatabase: 5f0bc6134c5c237cf55f9e1249d406770a75eafd
  FirebaseInstanceID: 8d20d890d65c917f9f7d9950b6e10a760ad34321
  GoogleInterchangeUtilities: d5bc4d88d5b661ab72f9d70c58d02ca8c27ad1f7
  GoogleNetworkingUtilities: 3edd3a8161347494f2da60ea0deddc8a472d94cb
  GoogleSymbolUtilities: 631ee17048aa5e9ab133470d768ea997a5ef9b96
  GoogleToolboxForMac: 91c824d21e85b31c2aae9bb011c5027c9b4e738f
  GoogleUtilities: 8bbc733218aad26306f9d4a253823986110e3358
  gRPC: 9362451032695e2dfb7bafcd3740e3a27939e4ff
  gRPC-Core: 9696b220565b283e021cf2722d473a4a74b7622a
  gRPC-ProtoRPC: a1bd56fb1991a8dae4581250d7259eddabb66779
  gRPC-RxLibrary: 1ed5314e8b38cd6e55c9bfa048387136ae925ce9
  GTMSessionFetcher: 5fa5b80fd20e439ef5f545fb2cb3ca6c6714caa2
  leveldb-library: 08cba283675b7ed2d99629a4bc5fd052cd2bb6a5
  lottie-ios: d699fdee68d7b63e721d949388b015fef1aaa4ac
  nanopb: 5601e6bca2dbf1ed831b519092ec110f66982ca3
  NearbyMessages: be3e1c44b563c020246312647f3f1128b603693d
  Protobuf: 8a9838fba8dae3389230e1b7f8c104aa32389c03
  Reachability: 33e18b67625424e47b6cde6d202dce689ad7af96

PODFILE CHECKSUM: c0c9bba0cf11b0d87822629914f01f2c94bc6fe1

COCOAPODS: 1.4.0
